
Microsoft Visual Studio Solution File, Format Version 12.00
# Visual Studio Version 17
VisualStudioVersion = 17.1.32228.430
MinimumVisualStudioVersion = 10.0.40219.1
Project("{9A19103F-16F7-4668-BE54-9A1E7A4F7556}") = "Async-Inn-App", "Async-Inn-App\Async-Inn-App.csproj", "{8A238E0D-F044-40E5-BAE6-BE07662278C1}"
EndProject
Project("{FAE04EC0-301F-11D3-BF4B-00C04F79EFBC}") = "TestAsync-Inn", "TestAsync-Inn\TestAsync-Inn.csproj", "{2ED6CE95-3DAB-4C2D-A8CD-8E7AF7870E21}"
EndProject
Global
	GlobalSection(SolutionConfigurationPlatforms) = preSolution
		Debug|Any CPU = Debug|Any CPU
		Release|Any CPU = Release|Any CPU
	EndGlobalSection
	GlobalSection(ProjectConfigurationPlatforms) = postSolution
		{8A238E0D-F044-40E5-BAE6-BE07662278C1}.Debug|Any CPU.ActiveCfg = Debug|Any CPU
		{8A238E0D-F044-40E5-BAE6-BE07662278C1}.Debug|Any CPU.Build.0 = Debug|Any CPU
		{8A238E0D-F044-40E5-BAE6-BE07662278C1}.Release|Any CPU.ActiveCfg = Release|Any CPU
		{8A238E0D-F044-40E5-BAE6-BE07662278C1}.Release|Any CPU.Build.0 = Release|Any CPU
		{2ED6CE95-3DAB-4C2D-A8CD-8E7AF7870E21}.Debug|Any CPU.ActiveCfg = Debug|Any CPU
		{2ED6CE95-3DAB-4C2D-A8CD-8E7AF7870E21}.Debug|Any CPU.Build.0 = Debug|Any CPU
		{2ED6CE95-3DAB-4C2D-A8CD-8E7AF7870E21}.Release|Any CPU.ActiveCfg = Release|Any CPU
		{2ED6CE95-3DAB-4C2D-A8CD-8E7AF7870E21}.Release|Any CPU.Build.0 = Release|Any CPU
	EndGlobalSection
	GlobalSection(SolutionProperties) = preSolution
		HideSolutionNode = FALSE
	EndGlobalSection
	GlobalSection(ExtensibilityGlobals) = postSolution
		SolutionGuid = {441789EB-EBBB-4C6F-A33B-889AE873B8A4}
	EndGlobalSection
EndGlobal
